{
  "name": "node-cmd-chat",
  "version": "1.0.0",
  "lockfileVersion": 1,
  "requires": true,
  "dependencies": {
    "address": {
      "version": "1.2.1",
      "resolved": "https://registry.npmjs.org/address/-/address-1.2.1.tgz",
      "integrity": "sha512-B+6bi5D34+fDYENiH5qOlA0cV2rAGKuWZ9LeyUUehbXy8e0VS9e498yO0Jeeh+iM+6KbfudHTFjXw2MmJD4QRA=="
    }
  }
}
